// !$*UTF8*$!
{
	archiveVersion = 1;
	classes = {
	};
	objectVersion = 50;
	objects = {

/* Begin PBXBuildFile section */
		1C7B94B3223ECDD2005CFD4C /* AppDelegate.swift in Sources */ = {isa = PBXBuildFile; fileRef = 1C7B94B2223ECDD2005CFD4C /* AppDelegate.swift */; };
		1C7B94B5223ECDD2005CFD4C /* ViewController.swift in Sources */ = {isa = PBXBuildFile; fileRef = 1C7B94B4223ECDD2005CFD4C /* ViewController.swift */; };
		1C7B94B8223ECDD2005CFD4C /* Main.storyboard in Resources */ = {isa = PBXBuildFile; fileRef = 1C7B94B6223ECDD2005CFD4C /* Main.storyboard */; };
		1C7B94BA223ECDD6005CFD4C /* Assets.xcassets in Resources */ = {isa = PBXBuildFile; fileRef = 1C7B94B9223ECDD6005CFD4C /* Assets.xcassets */; };
		1C7B94BD223ECDD6005CFD4C /* LaunchScreen.storyboard in Resources */ = {isa = PBXBuildFile; fileRef = 1C7B94BB223ECDD6005CFD4C /* LaunchScreen.storyboard */; };
		1C7B94C8223ECDD6005CFD4C /* ParstagramTests.swift in Sources */ = {isa = PBXBuildFile; fileRef = 1C7B94C7223ECDD6005CFD4C /* ParstagramTests.swift */; };
		1C7B94D3223ECDD6005CFD4C /* ParstagramUITests.swift in Sources */ = {isa = PBXBuildFile; fileRef = 1C7B94D2223ECDD6005CFD4C /* ParstagramUITests.swift */; };
/* End PBXBuildFile section */

/* Begin PBXContainerItemProxy section */
		1C7B94C4223ECDD6005CFD4C /* PBXContainerItemProxy */ = {
			isa = PBXContainerItemProxy;
			containerPortal = 1C7B94A7223ECDD2005CFD4C /* Project object */;
			proxyType = 1;
			remoteGlobalIDString = 1C7B94AE223ECDD2005CFD4C;
			remoteInfo = Parstagram;
		};
		1C7B94CF223ECDD6005CFD4C /* PBXContainerItemProxy */ = {
			isa = PBXContainerItemProxy;
			containerPortal = 1C7B94A7223ECDD2005CFD4C /* Project object */;
			proxyType = 1;
			remoteGlobalIDString = 1C7B94AE223ECDD2005CFD4C;
			remoteInfo = Parstagram;
		};
/* End PBXContainerItemProxy section */

/* Begin PBXFileReference section */
		1C7B94AF223ECDD2005CFD4C /* Parstagram.app */ = {isa = PBXFileReference; explicitFileType = wrapper.application; includeInIndex = 0; path = Parstagram.app; sourceTree = BUILT_PRODUCTS_DIR; };
		1C7B94B2223ECDD2005CFD4C /* AppDelegate.swift */ = {isa = PBXFileReference; lastKnownFileType = sourcecode.swift; path = AppDelegate.swift; sourceTree = "<group>"; };
		1C7B94B4223ECDD2005CFD4C /* ViewController.swift */ = {isa = PBXFileReference; lastKnownFileType = sourcecode.swift; path = ViewController.swift; sourceTree = "<group>"; };
		1C7B94B7223ECDD2005CFD4C /* Base */ = {isa = PBXFileReference; lastKnownFileType = file.storyboard; name = Base; path = Base.lproj/Main.storyboard; sourceTree = "<group>"; };
		1C7B94B9223ECDD6005CFD4C /* Assets.xcassets */ = {isa = PBXFileReference; lastKnownFileType = folder.assetcatalog; path = Assets.xcassets; sourceTree = "<group>"; };
		1C7B94BC223ECDD6005CFD4C /* Base */ = {isa = PBXFileReference; lastKnownFileType = file.storyboard; name = Base; path = Base.lproj/LaunchScreen.storyboard; sourceTree = "<group>"; };
		1C7B94BE223ECDD6005CFD4C /* Info.plist */ = {isa = PBXFileReference; lastKnownFileType = text.plist.xml; path = Info.plist; sourceTree = "<group>"; };
		1C7B94C3223ECDD6005CFD4C /* ParstagramTests.xctest */ = {isa = PBXFileReference; explicitFileType = wrapper.cfbundle; includeInIndex = 0; path = ParstagramTests.xctest; sourceTree = BUILT_PRODUCTS_DIR; };
		1C7B94C7223ECDD6005CFD4C /* ParstagramTests.swift */ = {isa = PBXFileReference; lastKnownFileType = sourcecode.swift; path = ParstagramTests.swift; sourceTree = "<group>"; };
		1C7B94C9223ECDD6005CFD4C /* Info.plist */ = {isa = PBXFileReference; lastKnownFileType = text.plist.xml; path = Info.plist; sourceTree = "<group>"; };
		1C7B94CE223ECDD6005CFD4C /* ParstagramUITests.xctest */ = {isa = PBXFileReference; explicitFileType = wrapper.cfbundle; includeInIndex = 0; path = ParstagramUITests.xctest; sourceTree = BUILT_PRODUCTS_DIR; };
		1C7B94D2223ECDD6005CFD4C /* ParstagramUITests.swift */ = {isa = PBXFileReference; lastKnownFileType = sourcecode.swift; path = ParstagramUITests.swift; sourceTree = "<group>"; };
		1C7B94D4223ECDD6005CFD4C /* Info.plist */ = {isa = PBXFileReference; lastKnownFileType = text.plist.xml; path = Info.plist; sourceTree = "<group>"; };
/* End PBXFileReference section */

/* Begin PBXFrameworksBuildPhase section */
		1C7B94AC223ECDD2005CFD4C /* Frameworks */ = {
			isa = PBXFrameworksBuildPhase;
			buildActionMask = 2147483647;
			files = (
			);
			runOnlyForDeploymentPostprocessing = 0;
		};
		1C7B94C0223ECDD6005CFD4C /* Frameworks */ = {
			isa = PBXFrameworksBuildPhase;
			buildActionMask = 2147483647;
			files = (
			);
			runOnlyForDeploymentPostprocessing = 0;
		};
		1C7B94CB223ECDD6005CFD4C /* Frameworks */ = {
			isa = PBXFrameworksBuildPhase;
			buildActionMask = 2147483647;
			files = (
			);
			runOnlyForDeploymentPostprocessing = 0;
		};
/* End PBXFrameworksBuildPhase section */

/* Begin PBXGroup section */
		1C7B94A6223ECDD2005CFD4C = {
			isa = PBXGroup;
			children = (
				1C7B94B1223ECDD2005CFD4C /* Parstagram */,
				1C7B94C6223ECDD6005CFD4C /* ParstagramTests */,
				1C7B94D1223ECDD6005CFD4C /* ParstagramUITests */,
				1C7B94B0223ECDD2005CFD4C /* Products */,
			);
			sourceTree = "<group>";
		};
		1C7B94B0223ECDD2005CFD4C /* Products */ = {
			isa = PBXGroup;
			children = (
				1C7B94AF223ECDD2005CFD4C /* Parstagram.app */,
				1C7B94C3223ECDD6005CFD4C /* ParstagramTests.xctest */,
				1C7B94CE223ECDD6005CFD4C /* ParstagramUITests.xctest */,
			);
			name = Products;
			sourceTree = "<group>";
		};
		1C7B94B1223ECDD2005CFD4C /* Parstagram */ = {
			isa = PBXGroup;
			children = (
				1C7B94B2223ECDD2005CFD4C /* AppDelegate.swift */,
				1C7B94B4223ECDD2005CFD4C /* ViewController.swift */,
				1C7B94B6223ECDD2005CFD4C /* Main.storyboard */,
				1C7B94B9223ECDD6005CFD4C /* Assets.xcassets */,
				1C7B94BB223ECDD6005CFD4C /* LaunchScreen.storyboard */,
				1C7B94BE223ECDD6005CFD4C /* Info.plist */,
			);
			path = Parstagram;
			sourceTree = "<group>";
		};
		1C7B94C6223ECDD6005CFD4C /* ParstagramTests */ = {
			isa = PBXGroup;
			children = (
				1C7B94C7223ECDD6005CFD4C /* ParstagramTests.swift */,
				1C7B94C9223ECDD6005CFD4C /* Info.plist */,
			);
			path = ParstagramTests;
			sourceTree = "<group>";
		};
		1C7B94D1223ECDD6005CFD4C /* ParstagramUITests */ = {
			isa = PBXGroup;
			children = (
				1C7B94D2223ECDD6005CFD4C /* ParstagramUITests.swift */,
				1C7B94D4223ECDD6005CFD4C /* Info.plist */,
			);
			path = ParstagramUITests;
			sourceTree = "<group>";
		};
/* End PBXGroup section */

/* Begin PBXNativeTarget section */
		1C7B94AE223ECDD2005CFD4C /* Parstagram */ = {
			isa = PBXNativeTarget;
			buildConfigurationList = 1C7B94D7223ECDD6005CFD4C /* Build configuration list for PBXNativeTarget "Parstagram" */;
			buildPhases = (
				1C7B94AB223ECDD2005CFD4C /* Sources */,
				1C7B94AC223ECDD2005CFD4C /* Frameworks */,
				1C7B94AD223ECDD2005CFD4C /* Resources */,
			);
			buildRules = (
			);
			dependencies = (
			);
			name = Parstagram;
			productName = Parstagram;
			productReference = 1C7B94AF223ECDD2005CFD4C /* Parstagram.app */;
			productType = "com.apple.product-type.application";
		};
		1C7B94C2223ECDD6005CFD4C /* ParstagramTests */ = {
			isa = PBXNativeTarget;
			buildConfigurationList = 1C7B94DA223ECDD6005CFD4C /* Build configuration list for PBXNativeTarget "ParstagramTests" */;
			buildPhases = (
				1C7B94BF223ECDD6005CFD4C /* Sources */,
				1C7B94C0223ECDD6005CFD4C /* Frameworks */,
				1C7B94C1223ECDD6005CFD4C /* Resources */,
			);
			buildRules = (
			);
			dependencies = (
				1C7B94C5223ECDD6005CFD4C /* PBXTargetDependency */,
			);
			name = ParstagramTests;
			productName = ParstagramTests;
			productReference = 1C7B94C3223ECDD6005CFD4C /* ParstagramTests.xctest */;
			productType = "com.apple.product-type.bundle.unit-test";
		};
		1C7B94CD223ECDD6005CFD4C /* ParstagramUITests */ = {
			isa = PBXNativeTarget;
			buildConfigurationList = 1C7B94DD223ECDD6005CFD4C /* Build configuration list for PBXNativeTarget "ParstagramUITests" */;
			buildPhases = (
				1C7B94CA223ECDD6005CFD4C /* Sources */,
				1C7B94CB223ECDD6005CFD4C /* Frameworks */,
				1C7B94CC223ECDD6005CFD4C /* Resources */,
			);
			buildRules = (
			);
			dependencies = (
				1C7B94D0223ECDD6005CFD4C /* PBXTargetDependency */,
			);
			name = ParstagramUITests;
			productName = ParstagramUITests;
			productReference = 1C7B94CE223ECDD6005CFD4C /* ParstagramUITests.xctest */;
			productType = "com.apple.product-type.bundle.ui-testing";
		};
/* End PBXNativeTarget section */

/* Begin PBXProject section */
		1C7B94A7223ECDD2005CFD4C /* Project object */ = {
			isa = PBXProject;
			attributes = {
				LastSwiftUpdateCheck = 1010;
				LastUpgradeCheck = 1010;
				ORGANIZATIONNAME = codepath;
				TargetAttributes = {
					1C7B94AE223ECDD2005CFD4C = {
						CreatedOnToolsVersion = 10.1;
					};
					1C7B94C2223ECDD6005CFD4C = {
						CreatedOnToolsVersion = 10.1;
						TestTargetID = 1C7B94AE223ECDD2005CFD4C;
					};
					1C7B94CD223ECDD6005CFD4C = {
						CreatedOnToolsVersion = 10.1;
						TestTargetID = 1C7B94AE223ECDD2005CFD4C;
					};
				};
			};
			buildConfigurationList = 1C7B94AA223ECDD2005CFD4C /* Build configuration list for PBXProject "Parstagram" */;
			compatibilityVersion = "Xcode 9.3";
			developmentRegion = en;
			hasScannedForEncodings = 0;
			knownRegions = (
				en,
				Base,
			);
			mainGroup = 1C7B94A6223ECDD2005CFD4C;
			productRefGroup = 1C7B94B0223ECDD2005CFD4C /* Products */;
			projectDirPath = "";
			projectRoot = "";
			targets = (
				1C7B94AE223ECDD2005CFD4C /* Parstagram */,
				1C7B94C2223ECDD6005CFD4C /* ParstagramTests */,
				1C7B94CD223ECDD6005CFD4C /* ParstagramUITests */,
			);
		};
/* End PBXProject section */

/* Begin PBXResourcesBuildPhase section */
		1C7B94AD223ECDD2005CFD4C /* Resources */ = {
			isa = PBXResourcesBuildPhase;
			buildActionMask = 2147483647;
			files = (
				1C7B94BD223ECDD6005CFD4C /* LaunchScreen.storyboard in Resources */,
				1C7B94BA223ECDD6005CFD4C /* Assets.xcassets in Resources */,
				1C7B94B8223ECDD2005CFD4C /* Main.storyboard in Resources */,
			);
			runOnlyForDeploymentPostprocessing = 0;
		};
		1C7B94C1223ECDD6005CFD4C /* Resources */ = {
			isa = PBXResourcesBuildPhase;
			buildActionMask = 2147483647;
			files = (
			);
			runOnlyForDeploymentPostprocessing = 0;
		};
		1C7B94CC223ECDD6005CFD4C /* Resources */ = {
			isa = PBXResourcesBuildPhase;
			buildActionMask = 2147483647;
			files = (
			);
			runOnlyForDeploymentPostprocessing = 0;
		};
/* End PBXResourcesBuildPhase section */

/* Begin PBXSourcesBuildPhase section */
		1C7B94AB223ECDD2005CFD4C /* Sources */ = {
			isa = PBXSourcesBuildPhase;
			buildActionMask = 2147483647;
			files = (
				1C7B94B5223ECDD2005CFD4C /* ViewController.swift in Sources */,
				1C7B94B3223ECDD2005CFD4C /* AppDelegate.swift in Sources */,
			);
			runOnlyForDeploymentPostprocessing = 0;
		};
		1C7B94BF223ECDD6005CFD4C /* Sources */ = {
			isa = PBXSourcesBuildPhase;
			buildActionMask = 2147483647;
			files = (
				1C7B94C8223ECDD6005CFD4C /* ParstagramTests.swift in Sources */,
			);
			runOnlyForDeploymentPostprocessing = 0;
		};
		1C7B94CA223ECDD6005CFD4C /* Sources */ = {
			isa = PBXSourcesBuildPhase;
			buildActionMask = 2147483647;
			files = (
				1C7B94D3223ECDD6005CFD4C /* ParstagramUITests.swift in Sources */,
			);
			runOnlyForDeploymentPostprocessing = 0;
		};
/* End PBXSourcesBuildPhase section */

/* Begin PBXTargetDependency section */
		1C7B94C5223ECDD6005CFD4C /* PBXTargetDependency */ = {
			isa = PBXTargetDependency;
			target = 1C7B94AE223ECDD2005CFD4C /* Parstagram */;
			targetProxy = 1C7B94C4223ECDD6005CFD4C /* PBXContainerItemProxy */;
		};
		1C7B94D0223ECDD6005CFD4C /* PBXTargetDependency */ = {
			isa = PBXTargetDependency;
			target = 1C7B94AE223ECDD2005CFD4C /* Parstagram */;
			targetProxy = 1C7B94CF223ECDD6005CFD4C /* PBXContainerItemProxy */;
		};
/* End PBXTargetDependency section */

/* Begin PBXVariantGroup section */
		1C7B94B6223ECDD2005CFD4C /* Main.storyboard */ = {
			isa = PBXVariantGroup;
			children = (
				1C7B94B7223ECDD2005CFD4C /* Base */,
			);
			name = Main.storyboard;
			sourceTree = "<group>";
		};
		1C7B94BB223ECDD6005CFD4C /* LaunchScreen.storyboard */ = {
			isa = PBXVariantGroup;
			children = (
				1C7B94BC223ECDD6005CFD4C /* Base */,
			);
			name = LaunchScreen.storyboard;
			sourceTree = "<group>";
		};
/* End PBXVariantGroup section */

/* Begin XCBuildConfiguration section */
		1C7B94D5223ECDD6005CFD4C /* Debug */ = {
			isa = XCBuildConfiguration;
			buildSettings = {
				ALWAYS_SEARCH_USER_PATHS = NO;
				CLANG_ANALYZER_NONNULL = YES;
				CLANG_ANALYZER_NUMBER_OBJECT_CONVERSION = YES_AGGRESSIVE;
				CLANG_CXX_LANGUAGE_STANDARD = "gnu++14";
				CLANG_CXX_LIBRARY = "libc++";
				CLANG_ENABLE_MODULES = YES;
				CLANG_ENABLE_OBJC_ARC = YES;
				CLANG_ENABLE_OBJC_WEAK = YES;
				CLANG_WARN_BLOCK_CAPTURE_AUTORELEASING = YES;
				CLANG_WARN_BOOL_CONVERSION = YES;
				CLANG_WARN_COMMA = YES;
				CLANG_WARN_CONSTANT_CONVERSION = YES;
				CLANG_WARN_DEPRECATED_OBJC_IMPLEMENTATIONS = YES;
				CLANG_WARN_DIRECT_OBJC_ISA_USAGE = YES_ERROR;
				CLANG_WARN_DOCUMENTATION_COMMENTS = YES;
				CLANG_WARN_EMPTY_BODY = YES;
				CLANG_WARN_ENUM_CONVERSION = YES;
				CLANG_WARN_INFINITE_RECURSION = YES;
				CLANG_WARN_INT_CONVERSION = YES;
				CLANG_WARN_NON_LITERAL_NULL_CONVERSION = YES;
				CLANG_WARN_OBJC_IMPLICIT_RETAIN_SELF = YES;
				CLANG_WARN_OBJC_LITERAL_CONVERSION = YES;
				CLANG_WARN_OBJC_ROOT_CLASS = YES_ERROR;
				CLANG_WARN_RANGE_LOOP_ANALYSIS = YES;
				CLANG_WARN_STRICT_PROTOTYPES = YES;
				CLANG_WARN_SUSPICIOUS_MOVE = YES;
				CLANG_WARN_UNGUARDED_AVAILABILITY = YES_AGGRESSIVE;
				CLANG_WARN_UNREACHABLE_CODE = YES;
				CLANG_WARN__DUPLICATE_METHOD_MATCH = YES;
				CODE_SIGN_IDENTITY = "iPhone Developer";
				COPY_PHASE_STRIP = NO;
				DEBUG_INFORMATION_FORMAT = dwarf;
				ENABLE_STRICT_OBJC_MSGSEND = YES;
				ENABLE_TESTABILITY = YES;
				GCC_C_LANGUAGE_STANDARD = gnu11;
				GCC_DYNAMIC_NO_PIC = NO;
				GCC_NO_COMMON_BLOCKS = YES;
				GCC_OPTIMIZATION_LEVEL = 0;
				GCC_PREPROCESSOR_DEFINITIONS = (
					"DEBUG=1",
					"$(inherited)",
				);
				GCC_WARN_64_TO_32_BIT_CONVERSION = YES;
				GCC_WARN_ABOUT_RETURN_TYPE = YES_ERROR;
				GCC_WARN_UNDECLARED_SELECTOR = YES;
				GCC_WARN_UNINITIALIZED_AUTOS = YES_AGGRESSIVE;
				GCC_WARN_UNUSED_FUNCTION = YES;
				GCC_WARN_UNUSED_VARIABLE = YES;
				IPHONEOS_DEPLOYMENT_TARGET = 12.1;
				MTL_ENABLE_DEBUG_INFO = INCLUDE_SOURCE;
				MTL_FAST_MATH = YES;
				ONLY_ACTIVE_ARCH = YES;
				SDKROOT = iphoneos;
				SWIFT_ACTIVE_COMPILATION_CONDITIONS = DEBUG;
				SWIFT_OPTIMIZATION_LEVEL = "-Onone";
			};
			name = Debug;
		};
		1C7B94D6223ECDD6005CFD4C /* Release */ = {
			isa = XCBuildConfiguration;
			buildSettings = {
				ALWAYS_SEARCH_USER_PATHS = NO;
				CLANG_ANALYZER_NONNULL = YES;
				CLANG_ANALYZER_NUMBER_OBJECT_CONVERSION = YES_AGGRESSIVE;
				CLANG_CXX_LANGUAGE_STANDARD = "gnu++14";
				CLANG_CXX_LIBRARY = "libc++";
				CLANG_ENABLE_MODULES = YES;
				CLANG_ENABLE_OBJC_ARC = YES;
				CLANG_ENABLE_OBJC_WEAK = YES;
				CLANG_WARN_BLOCK_CAPTURE_AUTORELEASING = YES;
				CLANG_WARN_BOOL_CONVERSION = YES;
				CLANG_WARN_COMMA = YES;
				CLANG_WARN_CONSTANT_CONVERSION = YES;
				CLANG_WARN_DEPRECATED_OBJC_IMPLEMENTATIONS = YES;
				CLANG_WARN_DIRECT_OBJC_ISA_USAGE = YES_ERROR;
				CLANG_WARN_DOCUMENTATION_COMMENTS = YES;
				CLANG_WARN_EMPTY_BODY = YES;
				CLANG_WARN_ENUM_CONVERSION = YES;
				CLANG_WARN_INFINITE_RECURSION = YES;
				CLANG_WARN_INT_CONVERSION = YES;
				CLANG_WARN_NON_LITERAL_NULL_CONVERSION = YES;
				CLANG_WARN_OBJC_IMPLICIT_RETAIN_SELF = YES;
				CLANG_WARN_OBJC_LITERAL_CONVERSION = YES;
				CLANG_WARN_OBJC_ROOT_CLASS = YES_ERROR;
				CLANG_WARN_RANGE_LOOP_ANALYSIS = YES;
				CLANG_WARN_STRICT_PROTOTYPES = YES;
				CLANG_WARN_SUSPICIOUS_MOVE = YES;
				CLANG_WARN_UNGUARDED_AVAILABILITY = YES_AGGRESSIVE;
				CLANG_WARN_UNREACHABLE_CODE = YES;
				CLANG_WARN__DUPLICATE_METHOD_MATCH = YES;
				CODE_SIGN_IDENTITY = "iPhone Developer";
				COPY_PHASE_STRIP = NO;
				DEBUG_INFORMATION_FORMAT = "dwarf-with-dsym";
				ENABLE_NS_ASSERTIONS = NO;
				ENABLE_STRICT_OBJC_MSGSEND = YES;
				GCC_C_LANGUAGE_STANDARD = gnu11;
				GCC_NO_COMMON_BLOCKS = YES;
				GCC_WARN_64_TO_32_BIT_CONVERSION = YES;
				GCC_WARN_ABOUT_RETURN_TYPE = YES_ERROR;
				GCC_WARN_UNDECLARED_SELECTOR = YES;
				GCC_WARN_UNINITIALIZED_AUTOS = YES_AGGRESSIVE;
				GCC_WARN_UNUSED_FUNCTION = YES;
				GCC_WARN_UNUSED_VARIABLE = YES;
				IPHONEOS_DEPLOYMENT_TARGET = 12.1;
				MTL_ENABLE_DEBUG_INFO = NO;
				MTL_FAST_MATH = YES;
				SDKROOT = iphoneos;
				SWIFT_COMPILATION_MODE = wholemodule;
				SWIFT_OPTIMIZATION_LEVEL = "-O";
				VALIDATE_PRODUCT = YES;
			};
			name = Release;
		};
		1C7B94D8223ECDD6005CFD4C /* Debug */ = {
			isa = XCBuildConfiguration;
			buildSettings = {
				ASSETCATALOG_COMPILER_APPICON_NAME = AppIcon;
				CODE_SIGN_STYLE = Automatic;
				INFOPLIST_FILE = Parstagram/Info.plist;
				LD_RUNPATH_SEARCH_PATHS = (
					"$(inherited)",
					"@executable_path/Frameworks",
				);
				PRODUCT_BUNDLE_IDENTIFIER = com.codepath.Parstagram;
				PRODUCT_NAME = "$(TARGET_NAME)";
				SWIFT_VERSION = 4.2;
				TARGETED_DEVICE_FAMILY = "1,2";
			};
			name = Debug;
		};
		1C7B94D9223ECDD6005CFD4C /* Release */ = {
			isa = XCBuildConfiguration;
			buildSettings = {
				ASSETCATALOG_COMPILER_APPICON_NAME = AppIcon;
				CODE_SIGN_STYLE = Automatic;
				INFOPLIST_FILE = Parstagram/Info.plist;
				LD_RUNPATH_SEARCH_PATHS = (
					"$(inherited)",
					"@executable_path/Frameworks",
				);
				PRODUCT_BUNDLE_IDENTIFIER = com.codepath.Parstagram;
				PRODUCT_NAME = "$(TARGET_NAME)";
				SWIFT_VERSION = 4.2;
				TARGETED_DEVICE_FAMILY = "1,2";
			};
			name = Release;
		};
		1C7B94DB223ECDD6005CFD4C /* Debug */ = {
			isa = XCBuildConfiguration;
			buildSettings = {
				ALWAYS_EMBED_SWIFT_STANDARD_LIBRARIES = YES;
				BUNDLE_LOADER = "$(TEST_HOST)";
				CODE_SIGN_STYLE = Automatic;
				INFOPLIST_FILE = ParstagramTests/Info.plist;
				LD_RUNPATH_SEARCH_PATHS = (
					"$(inherited)",
					"@executable_path/Frameworks",
					"@loader_path/Frameworks",
				);
				PRODUCT_BUNDLE_IDENTIFIER = com.codepath.ParstagramTests;
				PRODUCT_NAME = "$(TARGET_NAME)";
				SWIFT_VERSION = 4.2;
				TARGETED_DEVICE_FAMILY = "1,2";
				TEST_HOST = "$(BUILT_PRODUCTS_DIR)/Parstagram.app/Parstagram";
			};
			name = Debug;
		};
		1C7B94DC223ECDD6005CFD4C /* Release */ = {
			isa = XCBuildConfiguration;
			buildSettings = {
				ALWAYS_EMBED_SWIFT_STANDARD_LIBRARIES = YES;
				BUNDLE_LOADER = "$(TEST_HOST)";
				CODE_SIGN_STYLE = Automatic;
				INFOPLIST_FILE = ParstagramTests/Info.plist;
				LD_RUNPATH_SEARCH_PATHS = (
					"$(inherited)",
					"@executable_path/Frameworks",
					"@loader_path/Frameworks",
				);
				PRODUCT_BUNDLE_IDENTIFIER = com.codepath.ParstagramTests;
				PRODUCT_NAME = "$(TARGET_NAME)";
				SWIFT_VERSION = 4.2;
				TARGETED_DEVICE_FAMILY = "1,2";
				TEST_HOST = "$(BUILT_PRODUCTS_DIR)/Parstagram.app/Parstagram";
			};
			name = Release;
		};
		1C7B94DE223ECDD6005CFD4C /* Debug */ = {
			isa = XCBuildConfiguration;
			buildSettings = {
				ALWAYS_EMBED_SWIFT_STANDARD_LIBRARIES = YES;
				CODE_SIGN_STYLE = Automatic;
				INFOPLIST_FILE = ParstagramUITests/Info.plist;
				LD_RUNPATH_SEARCH_PATHS = (
					"$(inherited)",
					"@executable_path/Frameworks",
					"@loader_path/Frameworks",
				);
				PRODUCT_BUNDLE_IDENTIFIER = com.codepath.ParstagramUITests;
				PRODUCT_NAME = "$(TARGET_NAME)";
				SWIFT_VERSION = 4.2;
				TARGETED_DEVICE_FAMILY = "1,2";
				TEST_TARGET_NAME = Parstagram;
			};
			name = Debug;
		};
		1C7B94DF223ECDD6005CFD4C /* Release */ = {
			isa = XCBuildConfiguration;
			buildSettings = {
				ALWAYS_EMBED_SWIFT_STANDARD_LIBRARIES = YES;
				CODE_SIGN_STYLE = Automatic;
				INFOPLIST_FILE = ParstagramUITests/Info.plist;
				LD_RUNPATH_SEARCH_PATHS = (
					"$(inherited)",
					"@executable_path/Frameworks",
					"@loader_path/Frameworks",
				);
				PRODUCT_BUNDLE_IDENTIFIER = com.codepath.ParstagramUITests;
				PRODUCT_NAME = "$(TARGET_NAME)";
				SWIFT_VERSION = 4.2;
				TARGETED_DEVICE_FAMILY = "1,2";
				TEST_TARGET_NAME = Parstagram;
			};
			name = Release;
		};
/* End XCBuildConfiguration section */

/* Begin XCConfigurationList section */
		1C7B94AA223ECDD2005CFD4C /* Build configuration list for PBXProject "Parstagram" */ = {
			isa = XCConfigurationList;
			buildConfigurations = (
				1C7B94D5223ECDD6005CFD4C /* Debug */,
				1C7B94D6223ECDD6005CFD4C /* Release */,
			);
			defaultConfigurationIsVisible = 0;
			defaultConfigurationName = Release;
		};
		1C7B94D7223ECDD6005CFD4C /* Build configuration list for PBXNativeTarget "Parstagram" */ = {
			isa = XCConfigurationList;
			buildConfigurations = (
				1C7B94D8223ECDD6005CFD4C /* Debug */,
				1C7B94D9223ECDD6005CFD4C /* Release */,
			);
			defaultConfigurationIsVisible = 0;
			defaultConfigurationName = Release;
		};
		1C7B94DA223ECDD6005CFD4C /* Build configuration list for PBXNativeTarget "ParstagramTests" */ = {
			isa = XCConfigurationList;
			buildConfigurations = (
				1C7B94DB223ECDD6005CFD4C /* Debug */,
				1C7B94DC223ECDD6005CFD4C /* Release */,
			);
			defaultConfigurationIsVisible = 0;
			defaultConfigurationName = Release;
		};
		1C7B94DD223ECDD6005CFD4C /* Build configuration list for PBXNativeTarget "ParstagramUITests" */ = {
			isa = XCConfigurationList;
			buildConfigurations = (
				1C7B94DE223ECDD6005CFD4C /* Debug */,
				1C7B94DF223ECDD6005CFD4C /* Release */,
			);
			defaultConfigurationIsVisible = 0;
			defaultConfigurationName = Release;
		};
/* End XCConfigurationList section */
	};
	rootObject = 1C7B94A7223ECDD2005CFD4C /* Project object */;
}
